schema: '2.0'
stages:
  preprocess:
    cmd: python -m src.preprocess
    deps:
    - path: conf/dataset.yaml
      hash: md5
      md5: c66614074e0288943872d7f86e043866
      size: 103
    - path: data/raw/sample.csv
      hash: md5
      md5: c694166fad34e66c9a56f772186b9b1c
      size: 783008
    - path: src/preprocess.py
      hash: md5
      md5: d88387e0256974174877dca3470e3d10
      size: 578
    outs:
    - path: data/processed/test.csv
      hash: md5
      md5: 9e2a3bc77b60d05d3fe50c105ae8bc4e
      size: 154429
    - path: data/processed/train.csv
      hash: md5
      md5: b6ea680e91866a99d6f2adc10e5a7011
      size: 617489
  train:
    cmd: python -m src.train
    deps:
    - path: conf/model.yaml
      hash: md5
      md5: 1036ee0a085f5f980acc4ff96c9e28e4
      size: 141
    - path: data/processed/train.csv
      hash: md5
      md5: b6ea680e91866a99d6f2adc10e5a7011
      size: 617489
    - path: src/train.py
      hash: md5
      md5: a2752885e7fa2060bbc5443e060623c4
      size: 2835
    outs:
    - path: mlruns
      hash: md5
      md5: 372753645a14e7932ae93d2bf52b6a89.dir
      size: 1478
      nfiles: 12
    - path: model.onnx
      hash: md5
      md5: f0b9d01006201ea2b519caec84dbd5f8
      size: 23352
  eval:
    cmd: python -m src.eval
    deps:
    - path: data/processed/test.csv
      hash: md5
      md5: 9e2a3bc77b60d05d3fe50c105ae8bc4e
      size: 154429
    - path: model.onnx
      hash: md5
      md5: f0b9d01006201ea2b519caec84dbd5f8
      size: 23352
    - path: src/eval.py
      hash: md5
      md5: 707fe219aaab22651f933ceb3f241be9
      size: 541
